
Microsoft Visual Studio Solution File, Format Version 12.00
# Visual Studio Version 16
VisualStudioVersion = 16.0.31313.79
MinimumVisualStudioVersion = 10.0.40219.1
Project("{FAE04EC0-301F-11D3-BF4B-00C04F79EFBC}") = "FootballBlog.Web", "FootballBlog\FootballBlog.Web.csproj", "{8A7C93A9-56C5-4C10-AAFC-AA821F582AFA}"
EndProject
Project("{FAE04EC0-301F-11D3-BF4B-00C04F79EFBC}") = "Blazer.Components", "Blazer.Components\Blazer.Components.csproj", "{075CA932-2383-40D1-A698-437F35805E37}"
EndProject
Project("{FAE04EC0-301F-11D3-BF4B-00C04F79EFBC}") = "FootballBlog.Core", "FootballBlog.Core\FootballBlog.Core.csproj", "{039B4991-316C-4BA2-9A27-94979BCC4C42}"
EndProject
Project("{FAE04EC0-301F-11D3-BF4B-00C04F79EFBC}") = "FootballBlog.Infrastructure", "FootballBlog.Infrastructure\FootballBlog.Infrastructure.csproj", "{C4A1ED2B-6826-49BB-9D66-E34232D316AE}"
EndProject
Project("{FAE04EC0-301F-11D3-BF4B-00C04F79EFBC}") = "FootballBlog.Models", "FootballBlog.Models\FootballBlog.Models.csproj", "{8818CB55-1EC1-409B-AC41-9E17EF54ACCA}"
EndProject
Global
	GlobalSection(SolutionConfigurationPlatforms) = preSolution
		Debug|Any CPU = Debug|Any CPU
		Release|Any CPU = Release|Any CPU
	EndGlobalSection
	GlobalSection(ProjectConfigurationPlatforms) = postSolution
		{8A7C93A9-56C5-4C10-AAFC-AA821F582AFA}.Debug|Any CPU.ActiveCfg = Debug|Any CPU
		{8A7C93A9-56C5-4C10-AAFC-AA821F582AFA}.Debug|Any CPU.Build.0 = Debug|Any CPU
		{8A7C93A9-56C5-4C10-AAFC-AA821F582AFA}.Release|Any CPU.ActiveCfg = Release|Any CPU
		{8A7C93A9-56C5-4C10-AAFC-AA821F582AFA}.Release|Any CPU.Build.0 = Release|Any CPU
		{075CA932-2383-40D1-A698-437F35805E37}.Debug|Any CPU.ActiveCfg = Debug|Any CPU
		{075CA932-2383-40D1-A698-437F35805E37}.Debug|Any CPU.Build.0 = Debug|Any CPU
		{075CA932-2383-40D1-A698-437F35805E37}.Release|Any CPU.ActiveCfg = Release|Any CPU
		{075CA932-2383-40D1-A698-437F35805E37}.Release|Any CPU.Build.0 = Release|Any CPU
		{039B4991-316C-4BA2-9A27-94979BCC4C42}.Debug|Any CPU.ActiveCfg = Debug|Any CPU
		{039B4991-316C-4BA2-9A27-94979BCC4C42}.Debug|Any CPU.Build.0 = Debug|Any CPU
		{039B4991-316C-4BA2-9A27-94979BCC4C42}.Release|Any CPU.ActiveCfg = Release|Any CPU
		{039B4991-316C-4BA2-9A27-94979BCC4C42}.Release|Any CPU.Build.0 = Release|Any CPU
		{C4A1ED2B-6826-49BB-9D66-E34232D316AE}.Debug|Any CPU.ActiveCfg = Debug|Any CPU
		{C4A1ED2B-6826-49BB-9D66-E34232D316AE}.Debug|Any CPU.Build.0 = Debug|Any CPU
		{C4A1ED2B-6826-49BB-9D66-E34232D316AE}.Release|Any CPU.ActiveCfg = Release|Any CPU
		{C4A1ED2B-6826-49BB-9D66-E34232D316AE}.Release|Any CPU.Build.0 = Release|Any CPU
		{8818CB55-1EC1-409B-AC41-9E17EF54ACCA}.Debug|Any CPU.ActiveCfg = Debug|Any CPU
		{8818CB55-1EC1-409B-AC41-9E17EF54ACCA}.Debug|Any CPU.Build.0 = Debug|Any CPU
		{8818CB55-1EC1-409B-AC41-9E17EF54ACCA}.Release|Any CPU.ActiveCfg = Release|Any CPU
		{8818CB55-1EC1-409B-AC41-9E17EF54ACCA}.Release|Any CPU.Build.0 = Release|Any CPU
	EndGlobalSection
	GlobalSection(SolutionProperties) = preSolution
		HideSolutionNode = FALSE
	EndGlobalSection
	GlobalSection(ExtensibilityGlobals) = postSolution
		SolutionGuid = {FAD41A0D-0252-464D-AE1C-A68FECCFA9BD}
	EndGlobalSection
EndGlobal
